
Microsoft Visual Studio Solution File, Format Version 12.00
# Visual Studio Version 17
VisualStudioVersion = 17.9.34728.123
MinimumVisualStudioVersion = 10.0.40219.1
Project("{FAE04EC0-301F-11D3-BF4B-00C04F79EFBC}") = "lab4.1", "lab4.1.csproj", "{54DF3195-8768-4521-8CFD-7E5A8CF4CADB}"
EndProject
Global
	GlobalSection(SolutionConfigurationPlatforms) = preSolution
		Debug|Any CPU = Debug|Any CPU
		Release|Any CPU = Release|Any CPU
	EndGlobalSection
	GlobalSection(ProjectConfigurationPlatforms) = postSolution
		{54DF3195-8768-4521-8CFD-7E5A8CF4CADB}.Debug|Any CPU.ActiveCfg = Debug|Any CPU
		{54DF3195-8768-4521-8CFD-7E5A8CF4CADB}.Debug|Any CPU.Build.0 = Debug|Any CPU
		{54DF3195-8768-4521-8CFD-7E5A8CF4CADB}.Release|Any CPU.ActiveCfg = Release|Any CPU
		{54DF3195-8768-4521-8CFD-7E5A8CF4CADB}.Release|Any CPU.Build.0 = Release|Any CPU
	EndGlobalSection
	GlobalSection(SolutionProperties) = preSolution
		HideSolutionNode = FALSE
	EndGlobalSection
	GlobalSection(ExtensibilityGlobals) = postSolution
		SolutionGuid = {B4088426-101A-4487-95AC-6BB3735CA06F}
	EndGlobalSection
EndGlobal
